{
  "name": "blockchain-ts",
  "version": "1.0.0",
  "lockfileVersion": 2,
  "requires": true,
  "packages": {
    "": {
      "name": "blockchain-ts",
      "version": "1.0.0",
      "license": "ISC",
      "devDependencies": {
        "@types/node": "^17.0.5"
      }
    },
    "node_modules/@types/node": {
      "version": "17.0.5",
      "resolved": "https://registry.npmjs.org/@types/node/-/node-17.0.5.tgz",
      "integrity": "sha512-w3mrvNXLeDYV1GKTZorGJQivK6XLCoGwpnyJFbJVK/aTBQUxOCaa/GlFAAN3OTDFcb7h5tiFG+YXCO2By+riZw==",
      "dev": true
    }
  },
  "dependencies": {
    "@types/node": {
      "version": "17.0.5",
      "resolved": "https://registry.npmjs.org/@types/node/-/node-17.0.5.tgz",
      "integrity": "sha512-w3mrvNXLeDYV1GKTZorGJQivK6XLCoGwpnyJFbJVK/aTBQUxOCaa/GlFAAN3OTDFcb7h5tiFG+YXCO2By+riZw==",
      "dev": true
    }
  }
}
